
Microsoft Visual Studio Solution File, Format Version 12.00
# Visual Studio 15
VisualStudioVersion = 15.0.27130.2020
MinimumVisualStudioVersion = 10.0.40219.1
Project("{FAE04EC0-301F-11D3-BF4B-00C04F79EFBC}") = "XAF", "Libraries\PlatformAgnostic\XAF.csproj", "{098F1159-5992-4906-AA8E-8B7E5DC69637}"
EndProject
Project("{FAE04EC0-301F-11D3-BF4B-00C04F79EFBC}") = "TestApplication.Module", "TestApplication\TestApplication.Module\TestApplication.Module.csproj", "{5F15837D-D1E5-44DC-92F0-4F2EBE9C3F8D}"
EndProject
Project("{FAE04EC0-301F-11D3-BF4B-00C04F79EFBC}") = "TestApplication.Module.Web", "TestApplication\TestApplication.Module.Web\TestApplication.Module.Web.csproj", "{0C729AAD-7626-4668-A7F1-35F7D240489D}"
EndProject
Project("{2150E333-8FDC-42A3-9474-1A3956D46DE8}") = "TestApplication", "TestApplication", "{EBD8000C-BAE3-43D5-B515-5FA3C62AE477}"
EndProject
Project("{2150E333-8FDC-42A3-9474-1A3956D46DE8}") = "Libaries", "Libaries", "{D224BA3C-8F18-4D1B-A21C-7DF98CC90FF1}"
EndProject
Project("{FAE04EC0-301F-11D3-BF4B-00C04F79EFBC}") = "TestApplication.Module.Win", "TestApplication\TestApplication.Module.Win\TestApplication.Module.Win.csproj", "{7964F87D-BC5D-4C4E-8B2F-71E89739AA97}"
EndProject
Project("{FAE04EC0-301F-11D3-BF4B-00C04F79EFBC}") = "TestApplication.Web", "TestApplication\TestApplication.Web\TestApplication.Web.csproj", "{82A6DBC9-B1B4-44E4-9718-55DF930CD349}"
EndProject
Project("{FAE04EC0-301F-11D3-BF4B-00C04F79EFBC}") = "TestApplication.Win", "TestApplication\TestApplication.Win\TestApplication.Win.csproj", "{D05D93DF-312D-4D4E-B980-726871EC7833}"
EndProject
Project("{FAE04EC0-301F-11D3-BF4B-00C04F79EFBC}") = "XAF.Win", "Libraries\Win\XAF.Win.csproj", "{9B9735EC-1452-4220-8943-1C62B987BD93}"
EndProject
Global
	GlobalSection(SolutionConfigurationPlatforms) = preSolution
		Debug|Any CPU = Debug|Any CPU
		EasyTest|Any CPU = EasyTest|Any CPU
		Release|Any CPU = Release|Any CPU
	EndGlobalSection
	GlobalSection(ProjectConfigurationPlatforms) = postSolution
		{098F1159-5992-4906-AA8E-8B7E5DC69637}.Debug|Any CPU.ActiveCfg = Debug|Any CPU
		{098F1159-5992-4906-AA8E-8B7E5DC69637}.Debug|Any CPU.Build.0 = Debug|Any CPU
		{098F1159-5992-4906-AA8E-8B7E5DC69637}.EasyTest|Any CPU.ActiveCfg = Release|Any CPU
		{098F1159-5992-4906-AA8E-8B7E5DC69637}.EasyTest|Any CPU.Build.0 = Release|Any CPU
		{098F1159-5992-4906-AA8E-8B7E5DC69637}.Release|Any CPU.ActiveCfg = Release|Any CPU
		{098F1159-5992-4906-AA8E-8B7E5DC69637}.Release|Any CPU.Build.0 = Release|Any CPU
		{5F15837D-D1E5-44DC-92F0-4F2EBE9C3F8D}.Debug|Any CPU.ActiveCfg = Debug|Any CPU
		{5F15837D-D1E5-44DC-92F0-4F2EBE9C3F8D}.Debug|Any CPU.Build.0 = Debug|Any CPU
		{5F15837D-D1E5-44DC-92F0-4F2EBE9C3F8D}.EasyTest|Any CPU.ActiveCfg = EasyTest|Any CPU
		{5F15837D-D1E5-44DC-92F0-4F2EBE9C3F8D}.EasyTest|Any CPU.Build.0 = EasyTest|Any CPU
		{5F15837D-D1E5-44DC-92F0-4F2EBE9C3F8D}.Release|Any CPU.ActiveCfg = Release|Any CPU
		{5F15837D-D1E5-44DC-92F0-4F2EBE9C3F8D}.Release|Any CPU.Build.0 = Release|Any CPU
		{0C729AAD-7626-4668-A7F1-35F7D240489D}.Debug|Any CPU.ActiveCfg = Debug|Any CPU
		{0C729AAD-7626-4668-A7F1-35F7D240489D}.Debug|Any CPU.Build.0 = Debug|Any CPU
		{0C729AAD-7626-4668-A7F1-35F7D240489D}.EasyTest|Any CPU.ActiveCfg = EasyTest|Any CPU
		{0C729AAD-7626-4668-A7F1-35F7D240489D}.EasyTest|Any CPU.Build.0 = EasyTest|Any CPU
		{0C729AAD-7626-4668-A7F1-35F7D240489D}.Release|Any CPU.ActiveCfg = Release|Any CPU
		{0C729AAD-7626-4668-A7F1-35F7D240489D}.Release|Any CPU.Build.0 = Release|Any CPU
		{7964F87D-BC5D-4C4E-8B2F-71E89739AA97}.Debug|Any CPU.ActiveCfg = Debug|Any CPU
		{7964F87D-BC5D-4C4E-8B2F-71E89739AA97}.Debug|Any CPU.Build.0 = Debug|Any CPU
		{7964F87D-BC5D-4C4E-8B2F-71E89739AA97}.EasyTest|Any CPU.ActiveCfg = EasyTest|Any CPU
		{7964F87D-BC5D-4C4E-8B2F-71E89739AA97}.EasyTest|Any CPU.Build.0 = EasyTest|Any CPU
		{7964F87D-BC5D-4C4E-8B2F-71E89739AA97}.Release|Any CPU.ActiveCfg = Release|Any CPU
		{7964F87D-BC5D-4C4E-8B2F-71E89739AA97}.Release|Any CPU.Build.0 = Release|Any CPU
		{82A6DBC9-B1B4-44E4-9718-55DF930CD349}.Debug|Any CPU.ActiveCfg = Debug|Any CPU
		{82A6DBC9-B1B4-44E4-9718-55DF930CD349}.Debug|Any CPU.Build.0 = Debug|Any CPU
		{82A6DBC9-B1B4-44E4-9718-55DF930CD349}.EasyTest|Any CPU.ActiveCfg = EasyTest|Any CPU
		{82A6DBC9-B1B4-44E4-9718-55DF930CD349}.EasyTest|Any CPU.Build.0 = EasyTest|Any CPU
		{82A6DBC9-B1B4-44E4-9718-55DF930CD349}.Release|Any CPU.ActiveCfg = Release|Any CPU
		{82A6DBC9-B1B4-44E4-9718-55DF930CD349}.Release|Any CPU.Build.0 = Release|Any CPU
		{D05D93DF-312D-4D4E-B980-726871EC7833}.Debug|Any CPU.ActiveCfg = Debug|Any CPU
		{D05D93DF-312D-4D4E-B980-726871EC7833}.Debug|Any CPU.Build.0 = Debug|Any CPU
		{D05D93DF-312D-4D4E-B980-726871EC7833}.EasyTest|Any CPU.ActiveCfg = EasyTest|Any CPU
		{D05D93DF-312D-4D4E-B980-726871EC7833}.EasyTest|Any CPU.Build.0 = EasyTest|Any CPU
		{D05D93DF-312D-4D4E-B980-726871EC7833}.Release|Any CPU.ActiveCfg = Release|Any CPU
		{D05D93DF-312D-4D4E-B980-726871EC7833}.Release|Any CPU.Build.0 = Release|Any CPU
		{9B9735EC-1452-4220-8943-1C62B987BD93}.Debug|Any CPU.ActiveCfg = Debug|Any CPU
		{9B9735EC-1452-4220-8943-1C62B987BD93}.Debug|Any CPU.Build.0 = Debug|Any CPU
		{9B9735EC-1452-4220-8943-1C62B987BD93}.EasyTest|Any CPU.ActiveCfg = Release|Any CPU
		{9B9735EC-1452-4220-8943-1C62B987BD93}.EasyTest|Any CPU.Build.0 = Release|Any CPU
		{9B9735EC-1452-4220-8943-1C62B987BD93}.Release|Any CPU.ActiveCfg = Release|Any CPU
		{9B9735EC-1452-4220-8943-1C62B987BD93}.Release|Any CPU.Build.0 = Release|Any CPU
	EndGlobalSection
	GlobalSection(SolutionProperties) = preSolution
		HideSolutionNode = FALSE
	EndGlobalSection
	GlobalSection(NestedProjects) = preSolution
		{098F1159-5992-4906-AA8E-8B7E5DC69637} = {D224BA3C-8F18-4D1B-A21C-7DF98CC90FF1}
		{5F15837D-D1E5-44DC-92F0-4F2EBE9C3F8D} = {EBD8000C-BAE3-43D5-B515-5FA3C62AE477}
		{0C729AAD-7626-4668-A7F1-35F7D240489D} = {EBD8000C-BAE3-43D5-B515-5FA3C62AE477}
		{7964F87D-BC5D-4C4E-8B2F-71E89739AA97} = {EBD8000C-BAE3-43D5-B515-5FA3C62AE477}
		{82A6DBC9-B1B4-44E4-9718-55DF930CD349} = {EBD8000C-BAE3-43D5-B515-5FA3C62AE477}
		{D05D93DF-312D-4D4E-B980-726871EC7833} = {EBD8000C-BAE3-43D5-B515-5FA3C62AE477}
		{9B9735EC-1452-4220-8943-1C62B987BD93} = {D224BA3C-8F18-4D1B-A21C-7DF98CC90FF1}
	EndGlobalSection
	GlobalSection(ExtensibilityGlobals) = postSolution
		SolutionGuid = {8BA38688-4C15-4639-8695-FC8C5051F855}
	EndGlobalSection
EndGlobal
